
Microsoft Visual Studio Solution File, Format Version 12.00
# Visual Studio Version 17
VisualStudioVersion = 17.14.36212.18 d17.14
MinimumVisualStudioVersion = 10.0.40219.1
Project("{FAE04EC0-301F-11D3-BF4B-00C04F79EFBC}") = "Event.DAL", "Event.DAL\Event.DAL.csproj", "{C76366D5-CC4C-4B94-8B1B-4AFC8AAC20FF}"
EndProject
Project("{FAE04EC0-301F-11D3-BF4B-00C04F79EFBC}") = "Event.API", "Event.API\Event.API.csproj", "{C4963616-E43B-4775-ACBB-558D7D1D5574}"
EndProject
Global
	GlobalSection(SolutionConfigurationPlatforms) = preSolution
		Debug|Any CPU = Debug|Any CPU
		Release|Any CPU = Release|Any CPU
	EndGlobalSection
	GlobalSection(ProjectConfigurationPlatforms) = postSolution
		{C76366D5-CC4C-4B94-8B1B-4AFC8AAC20FF}.Debug|Any CPU.ActiveCfg = Debug|Any CPU
		{C76366D5-CC4C-4B94-8B1B-4AFC8AAC20FF}.Debug|Any CPU.Build.0 = Debug|Any CPU
		{C76366D5-CC4C-4B94-8B1B-4AFC8AAC20FF}.Release|Any CPU.ActiveCfg = Release|Any CPU
		{C76366D5-CC4C-4B94-8B1B-4AFC8AAC20FF}.Release|Any CPU.Build.0 = Release|Any CPU
		{C4963616-E43B-4775-ACBB-558D7D1D5574}.Debug|Any CPU.ActiveCfg = Debug|Any CPU
		{C4963616-E43B-4775-ACBB-558D7D1D5574}.Debug|Any CPU.Build.0 = Debug|Any CPU
		{C4963616-E43B-4775-ACBB-558D7D1D5574}.Release|Any CPU.ActiveCfg = Release|Any CPU
		{C4963616-E43B-4775-ACBB-558D7D1D5574}.Release|Any CPU.Build.0 = Release|Any CPU
	EndGlobalSection
	GlobalSection(SolutionProperties) = preSolution
		HideSolutionNode = FALSE
	EndGlobalSection
	GlobalSection(ExtensibilityGlobals) = postSolution
		SolutionGuid = {9D5F392B-EA91-4696-A832-8AFEA0716836}
	EndGlobalSection
EndGlobal
