
Microsoft Visual Studio Solution File, Format Version 12.00
# Visual Studio Version 17
VisualStudioVersion = 17.13.35828.75 d17.13
MinimumVisualStudioVersion = 10.0.40219.1
Project("{FAE04EC0-301F-11D3-BF4B-00C04F79EFBC}") = "CaseStudy 6", "CaseStudy 6\CaseStudy 6.csproj", "{D8FB3CA2-17B1-4C7A-BB5F-FD715E7D7A06}"
EndProject
Global
	GlobalSection(SolutionConfigurationPlatforms) = preSolution
		Debug|Any CPU = Debug|Any CPU
		Release|Any CPU = Release|Any CPU
	EndGlobalSection
	GlobalSection(ProjectConfigurationPlatforms) = postSolution
		{D8FB3CA2-17B1-4C7A-BB5F-FD715E7D7A06}.Debug|Any CPU.ActiveCfg = Debug|Any CPU
		{D8FB3CA2-17B1-4C7A-BB5F-FD715E7D7A06}.Debug|Any CPU.Build.0 = Debug|Any CPU
		{D8FB3CA2-17B1-4C7A-BB5F-FD715E7D7A06}.Release|Any CPU.ActiveCfg = Release|Any CPU
		{D8FB3CA2-17B1-4C7A-BB5F-FD715E7D7A06}.Release|Any CPU.Build.0 = Release|Any CPU
	EndGlobalSection
	GlobalSection(SolutionProperties) = preSolution
		HideSolutionNode = FALSE
	EndGlobalSection
	GlobalSection(ExtensibilityGlobals) = postSolution
		SolutionGuid = {5071CB8E-13F0-425C-A824-87CCE22039FD}
	EndGlobalSection
EndGlobal
