
Microsoft Visual Studio Solution File, Format Version 12.00
# Visual Studio Version 17
VisualStudioVersion = 17.14.36212.18
MinimumVisualStudioVersion = 10.0.40219.1
Project("{FAE04EC0-301F-11D3-BF4B-00C04F79EFBC}") = "ContactDirectory", "ContactDirectory\ContactDirectory.csproj", "{2FF4D716-63FB-488B-9419-85E819386E2A}"
EndProject
Project("{FAE04EC0-301F-11D3-BF4B-00C04F79EFBC}") = "ClientDirectory", "ClientDirectory\ClientDirectory.csproj", "{680742F3-E8BA-4090-BAEA-D81C3D65E5DA}"
EndProject
Project("{FAE04EC0-301F-11D3-BF4B-00C04F79EFBC}") = "BookValidationApp", "BookValidationApp\BookValidationApp.csproj", "{9B40CF45-79FA-49C9-9CA1-98F010F31555}"
EndProject
Project("{FAE04EC0-301F-11D3-BF4B-00C04F79EFBC}") = "LMSApp", "LMS\LMSApp.csproj", "{F48B881A-2777-44FD-9B87-B4B887AE9B87}"
EndProject
Global
	GlobalSection(SolutionConfigurationPlatforms) = preSolution
		Debug|Any CPU = Debug|Any CPU
		Release|Any CPU = Release|Any CPU
	EndGlobalSection
	GlobalSection(ProjectConfigurationPlatforms) = postSolution
		{2FF4D716-63FB-488B-9419-85E819386E2A}.Debug|Any CPU.ActiveCfg = Debug|Any CPU
		{2FF4D716-63FB-488B-9419-85E819386E2A}.Debug|Any CPU.Build.0 = Debug|Any CPU
		{2FF4D716-63FB-488B-9419-85E819386E2A}.Release|Any CPU.ActiveCfg = Release|Any CPU
		{2FF4D716-63FB-488B-9419-85E819386E2A}.Release|Any CPU.Build.0 = Release|Any CPU
		{680742F3-E8BA-4090-BAEA-D81C3D65E5DA}.Debug|Any CPU.ActiveCfg = Debug|Any CPU
		{680742F3-E8BA-4090-BAEA-D81C3D65E5DA}.Debug|Any CPU.Build.0 = Debug|Any CPU
		{680742F3-E8BA-4090-BAEA-D81C3D65E5DA}.Release|Any CPU.ActiveCfg = Release|Any CPU
		{680742F3-E8BA-4090-BAEA-D81C3D65E5DA}.Release|Any CPU.Build.0 = Release|Any CPU
		{9B40CF45-79FA-49C9-9CA1-98F010F31555}.Debug|Any CPU.ActiveCfg = Debug|Any CPU
		{9B40CF45-79FA-49C9-9CA1-98F010F31555}.Debug|Any CPU.Build.0 = Debug|Any CPU
		{9B40CF45-79FA-49C9-9CA1-98F010F31555}.Release|Any CPU.ActiveCfg = Release|Any CPU
		{9B40CF45-79FA-49C9-9CA1-98F010F31555}.Release|Any CPU.Build.0 = Release|Any CPU
		{F48B881A-2777-44FD-9B87-B4B887AE9B87}.Debug|Any CPU.ActiveCfg = Debug|Any CPU
		{F48B881A-2777-44FD-9B87-B4B887AE9B87}.Debug|Any CPU.Build.0 = Debug|Any CPU
		{F48B881A-2777-44FD-9B87-B4B887AE9B87}.Release|Any CPU.ActiveCfg = Release|Any CPU
		{F48B881A-2777-44FD-9B87-B4B887AE9B87}.Release|Any CPU.Build.0 = Release|Any CPU
	EndGlobalSection
	GlobalSection(SolutionProperties) = preSolution
		HideSolutionNode = FALSE
	EndGlobalSection
	GlobalSection(ExtensibilityGlobals) = postSolution
		SolutionGuid = {F5A5813D-91E9-4AA7-9982-BEAAFB7E7C8A}
	EndGlobalSection
EndGlobal
